Microsoft Visual Studio Solution File, Format Version 12.00
# Visual Studio Version 17
VisualStudioVersion = 17.5.2.0
MinimumVisualStudioVersion = 10.0.40219.1
Project("{FAE04EC0-301F-11D3-BF4B-00C04F79EFBC}") = "atividade2-1", "atividade2-1\atividade2-1.csproj", "{B292EEA3-B8DF-A5B2-54A4-96EA58FF0495}"
EndProject
Global
	GlobalSection(SolutionConfigurationPlatforms) = preSolution
		Debug|Any CPU = Debug|Any CPU
		Release|Any CPU = Release|Any CPU
	EndGlobalSection
	GlobalSection(ProjectConfigurationPlatforms) = postSolution
		{B292EEA3-B8DF-A5B2-54A4-96EA58FF0495}.Debug|Any CPU.ActiveCfg = Debug|Any CPU
		{B292EEA3-B8DF-A5B2-54A4-96EA58FF0495}.Debug|Any CPU.Build.0 = Debug|Any CPU
		{B292EEA3-B8DF-A5B2-54A4-96EA58FF0495}.Release|Any CPU.ActiveCfg = Release|Any CPU
		{B292EEA3-B8DF-A5B2-54A4-96EA58FF0495}.Release|Any CPU.Build.0 = Release|Any CPU
	EndGlobalSection
	GlobalSection(SolutionProperties) = preSolution
		HideSolutionNode = FALSE
	EndGlobalSection
	GlobalSection(ExtensibilityGlobals) = postSolution
		SolutionGuid = {210B803A-0FBD-4BF0-8087-12602AC26916}
	EndGlobalSection
EndGlobal
